
Microsoft Visual Studio Solution File, Format Version 12.00
# Visual Studio Version 17
VisualStudioVersion = 17.3.32901.215
MinimumVisualStudioVersion = 10.0.40219.1
Project("{FAE04EC0-301F-11D3-BF4B-00C04F79EFBC}") = "TaxeiaAnaptuksi_Gerovasilis_Kypraios", "TaxeiaAnaptuksi_Gerovasilis_Kypraios.csproj", "{A280B023-5C0A-4227-A21B-0CC8C2171113}"
EndProject
Global
	GlobalSection(SolutionConfigurationPlatforms) = preSolution
		Debug|Any CPU = Debug|Any CPU
		Release|Any CPU = Release|Any CPU
	EndGlobalSection
	GlobalSection(ProjectConfigurationPlatforms) = postSolution
		{A280B023-5C0A-4227-A21B-0CC8C2171113}.Debug|Any CPU.ActiveCfg = Debug|Any CPU
		{A280B023-5C0A-4227-A21B-0CC8C2171113}.Debug|Any CPU.Build.0 = Debug|Any CPU
		{A280B023-5C0A-4227-A21B-0CC8C2171113}.Release|Any CPU.ActiveCfg = Release|Any CPU
		{A280B023-5C0A-4227-A21B-0CC8C2171113}.Release|Any CPU.Build.0 = Release|Any CPU
	EndGlobalSection
	GlobalSection(SolutionProperties) = preSolution
		HideSolutionNode = FALSE
	EndGlobalSection
	GlobalSection(ExtensibilityGlobals) = postSolution
		SolutionGuid = {735E0C59-B284-4819-8F80-D66460D80806}
	EndGlobalSection
EndGlobal
